// !$*UTF8*$!
{
	archiveVersion = 1;
	classes = {
	};
	objectVersion = 50;
	objects = {

/* Begin PBXBuildFile section */
		9083FCFD225377CF0045CE73 /* AppDelegate.swift in Sources */ = {isa = PBXBuildFile; fileRef = 9083FCFC225377CF0045CE73 /* AppDelegate.swift */; };
		9083FCFF225377CF0045CE73 /* ViewController.swift in Sources */ = {isa = PBXBuildFile; fileRef = 9083FCFE225377CF0045CE73 /* ViewController.swift */; };
		9083FD02225377CF0045CE73 /* Main.storyboard in Resources */ = {isa = PBXBuildFile; fileRef = 9083FD00225377CF0045CE73 /* Main.storyboard */; };
		9083FD05225377D00045CE73 /* Notifications_Callbacks.xcdatamodeld in Sources */ = {isa = PBXBuildFile; fileRef = 9083FD03225377D00045CE73 /* Notifications_Callbacks.xcdatamodeld */; };
		9083FD07225377D20045CE73 /* Assets.xcassets in Resources */ = {isa = PBXBuildFile; fileRef = 9083FD06225377D20045CE73 /* Assets.xcassets */; };
		9083FD0A225377D20045CE73 /* LaunchScreen.storyboard in Resources */ = {isa = PBXBuildFile; fileRef = 9083FD08225377D20045CE73 /* LaunchScreen.storyboard */; };
/* End PBXBuildFile section */

/* Begin PBXFileReference section */
		9083FCF9225377CF0045CE73 /* Notifications&Callbacks.app */ = {isa = PBXFileReference; explicitFileType = wrapper.application; includeInIndex = 0; path = "Notifications&Callbacks.app"; sourceTree = BUILT_PRODUCTS_DIR; };
		9083FCFC225377CF0045CE73 /* AppDelegate.swift */ = {isa = PBXFileReference; lastKnownFileType = sourcecode.swift; path = AppDelegate.swift; sourceTree = "<group>"; };
		9083FCFE225377CF0045CE73 /* ViewController.swift */ = {isa = PBXFileReference; lastKnownFileType = sourcecode.swift; path = ViewController.swift; sourceTree = "<group>"; };
		9083FD01225377CF0045CE73 /* Base */ = {isa = PBXFileReference; lastKnownFileType = file.storyboard; name = Base; path = Base.lproj/Main.storyboard; sourceTree = "<group>"; };
		9083FD04225377D00045CE73 /* Notifications_Callbacks.xcdatamodel */ = {isa = PBXFileReference; lastKnownFileType = wrapper.xcdatamodel; path = Notifications_Callbacks.xcdatamodel; sourceTree = "<group>"; };
		9083FD06225377D20045CE73 /* Assets.xcassets */ = {isa = PBXFileReference; lastKnownFileType = folder.assetcatalog; path = Assets.xcassets; sourceTree = "<group>"; };
		9083FD09225377D20045CE73 /* Base */ = {isa = PBXFileReference; lastKnownFileType = file.storyboard; name = Base; path = Base.lproj/LaunchScreen.storyboard; sourceTree = "<group>"; };
		9083FD0B225377D20045CE73 /* Info.plist */ = {isa = PBXFileReference; lastKnownFileType = text.plist.xml; path = Info.plist; sourceTree = "<group>"; };
/* End PBXFileReference section */

/* Begin PBXFrameworksBuildPhase section */
		9083FCF6225377CF0045CE73 /* Frameworks */ = {
			isa = PBXFrameworksBuildPhase;
			buildActionMask = 2147483647;
			files = (
			);
			runOnlyForDeploymentPostprocessing = 0;
		};
/* End PBXFrameworksBuildPhase section */

/* Begin PBXGroup section */
		9083FCF0225377CF0045CE73 = {
			isa = PBXGroup;
			children = (
				9083FCFB225377CF0045CE73 /* Notifications&Callbacks */,
				9083FCFA225377CF0045CE73 /* Products */,
			);
			sourceTree = "<group>";
		};
		9083FCFA225377CF0045CE73 /* Products */ = {
			isa = PBXGroup;
			children = (
				9083FCF9225377CF0045CE73 /* Notifications&Callbacks.app */,
			);
			name = Products;
			sourceTree = "<group>";
		};
		9083FCFB225377CF0045CE73 /* Notifications&Callbacks */ = {
			isa = PBXGroup;
			children = (
				9083FCFC225377CF0045CE73 /* AppDelegate.swift */,
				9083FCFE225377CF0045CE73 /* ViewController.swift */,
				9083FD00225377CF0045CE73 /* Main.storyboard */,
				9083FD06225377D20045CE73 /* Assets.xcassets */,
				9083FD08225377D20045CE73 /* LaunchScreen.storyboard */,
				9083FD0B225377D20045CE73 /* Info.plist */,
				9083FD03225377D00045CE73 /* Notifications_Callbacks.xcdatamodeld */,
			);
			path = "Notifications&Callbacks";
			sourceTree = "<group>";
		};
/* End PBXGroup section */

/* Begin PBXNativeTarget section */
		9083FCF8225377CF0045CE73 /* Notifications&Callbacks */ = {
			isa = PBXNativeTarget;
			buildConfigurationList = 9083FD0E225377D20045CE73 /* Build configuration list for PBXNativeTarget "Notifications&Callbacks" */;
			buildPhases = (
				9083FCF5225377CF0045CE73 /* Sources */,
				9083FCF6225377CF0045CE73 /* Frameworks */,
				9083FCF7225377CF0045CE73 /* Resources */,
			);
			buildRules = (
			);
			dependencies = (
			);
			name = "Notifications&Callbacks";
			productName = "Notifications&Callbacks";
			productReference = 9083FCF9225377CF0045CE73 /* Notifications&Callbacks.app */;
			productType = "com.apple.product-type.application";
		};
/* End PBXNativeTarget section */

/* Begin PBXProject section */
		9083FCF1225377CF0045CE73 /* Project object */ = {
			isa = PBXProject;
			attributes = {
				LastSwiftUpdateCheck = 1010;
				LastUpgradeCheck = 1010;
				ORGANIZATIONNAME = simple;
				TargetAttributes = {
					9083FCF8225377CF0045CE73 = {
						CreatedOnToolsVersion = 10.1;
					};
				};
			};
			buildConfigurationList = 9083FCF4225377CF0045CE73 /* Build configuration list for PBXProject "Notifications&Callbacks" */;
			compatibilityVersion = "Xcode 9.3";
			developmentRegion = en;
			hasScannedForEncodings = 0;
			knownRegions = (
				en,
				Base,
			);
			mainGroup = 9083FCF0225377CF0045CE73;
			productRefGroup = 9083FCFA225377CF0045CE73 /* Products */;
			projectDirPath = "";
			projectRoot = "";
			targets = (
				9083FCF8225377CF0045CE73 /* Notifications&Callbacks */,
			);
		};
/* End PBXProject section */

/* Begin PBXResourcesBuildPhase section */
		9083FCF7225377CF0045CE73 /* Resources */ = {
			isa = PBXResourcesBuildPhase;
			buildActionMask = 2147483647;
			files = (
				9083FD0A225377D20045CE73 /* LaunchScreen.storyboard in Resources */,
				9083FD07225377D20045CE73 /* Assets.xcassets in Resources */,
				9083FD02225377CF0045CE73 /* Main.storyboard in Resources */,
			);
			runOnlyForDeploymentPostprocessing = 0;
		};
/* End PBXResourcesBuildPhase section */

/* Begin PBXSourcesBuildPhase section */
		9083FCF5225377CF0045CE73 /* Sources */ = {
			isa = PBXSourcesBuildPhase;
			buildActionMask = 2147483647;
			files = (
				9083FCFF225377CF0045CE73 /* ViewController.swift in Sources */,
				9083FD05225377D00045CE73 /* Notifications_Callbacks.xcdatamodeld in Sources */,
				9083FCFD225377CF0045CE73 /* AppDelegate.swift in Sources */,
			);
			runOnlyForDeploymentPostprocessing = 0;
		};
/* End PBXSourcesBuildPhase section */

/* Begin PBXVariantGroup section */
		9083FD00225377CF0045CE73 /* Main.storyboard */ = {
			isa = PBXVariantGroup;
			children = (
				9083FD01225377CF0045CE73 /* Base */,
			);
			name = Main.storyboard;
			sourceTree = "<group>";
		};
		9083FD08225377D20045CE73 /* LaunchScreen.storyboard */ = {
			isa = PBXVariantGroup;
			children = (
				9083FD09225377D20045CE73 /* Base */,
			);
			name = LaunchScreen.storyboard;
			sourceTree = "<group>";
		};
/* End PBXVariantGroup section */

/* Begin XCBuildConfiguration section */
		9083FD0C225377D20045CE73 /* Debug */ = {
			isa = XCBuildConfiguration;
			buildSettings = {
				ALWAYS_SEARCH_USER_PATHS = NO;
				CLANG_ANALYZER_NONNULL = YES;
				CLANG_ANALYZER_NUMBER_OBJECT_CONVERSION = YES_AGGRESSIVE;
				CLANG_CXX_LANGUAGE_STANDARD = "gnu++14";
				CLANG_CXX_LIBRARY = "libc++";
				CLANG_ENABLE_MODULES = YES;
				CLANG_ENABLE_OBJC_ARC = YES;
				CLANG_ENABLE_OBJC_WEAK = YES;
				CLANG_WARN_BLOCK_CAPTURE_AUTORELEASING = YES;
				CLANG_WARN_BOOL_CONVERSION = YES;
				CLANG_WARN_COMMA = YES;
				CLANG_WARN_CONSTANT_CONVERSION = YES;
				CLANG_WARN_DEPRECATED_OBJC_IMPLEMENTATIONS = YES;
				CLANG_WARN_DIRECT_OBJC_ISA_USAGE = YES_ERROR;
				CLANG_WARN_DOCUMENTATION_COMMENTS = YES;
				CLANG_WARN_EMPTY_BODY = YES;
				CLANG_WARN_ENUM_CONVERSION = YES;
				CLANG_WARN_INFINITE_RECURSION = YES;
				CLANG_WARN_INT_CONVERSION = YES;
				CLANG_WARN_NON_LITERAL_NULL_CONVERSION = YES;
				CLANG_WARN_OBJC_IMPLICIT_RETAIN_SELF = YES;
				CLANG_WARN_OBJC_LITERAL_CONVERSION = YES;
				CLANG_WARN_OBJC_ROOT_CLASS = YES_ERROR;
				CLANG_WARN_RANGE_LOOP_ANALYSIS = YES;
				CLANG_WARN_STRICT_PROTOTYPES = YES;
				CLANG_WARN_SUSPICIOUS_MOVE = YES;
				CLANG_WARN_UNGUARDED_AVAILABILITY = YES_AGGRESSIVE;
				CLANG_WARN_UNREACHABLE_CODE = YES;
				CLANG_WARN__DUPLICATE_METHOD_MATCH = YES;
				CODE_SIGN_IDENTITY = "iPhone Developer";
				COPY_PHASE_STRIP = NO;
				DEBUG_INFORMATION_FORMAT = dwarf;
				ENABLE_STRICT_OBJC_MSGSEND = YES;
				ENABLE_TESTABILITY = YES;
				GCC_C_LANGUAGE_STANDARD = gnu11;
				GCC_DYNAMIC_NO_PIC = NO;
				GCC_NO_COMMON_BLOCKS = YES;
				GCC_OPTIMIZATION_LEVEL = 0;
				GCC_PREPROCESSOR_DEFINITIONS = (
					"DEBUG=1",
					"$(inherited)",
				);
				GCC_WARN_64_TO_32_BIT_CONVERSION = YES;
				GCC_WARN_ABOUT_RETURN_TYPE = YES_ERROR;
				GCC_WARN_UNDECLARED_SELECTOR = YES;
				GCC_WARN_UNINITIALIZED_AUTOS = YES_AGGRESSIVE;
				GCC_WARN_UNUSED_FUNCTION = YES;
				GCC_WARN_UNUSED_VARIABLE = YES;
				IPHONEOS_DEPLOYMENT_TARGET = 12.1;
				MTL_ENABLE_DEBUG_INFO = INCLUDE_SOURCE;
				MTL_FAST_MATH = YES;
				ONLY_ACTIVE_ARCH = YES;
				SDKROOT = iphoneos;
				SWIFT_ACTIVE_COMPILATION_CONDITIONS = DEBUG;
				SWIFT_OPTIMIZATION_LEVEL = "-Onone";
			};
			name = Debug;
		};
		9083FD0D225377D20045CE73 /* Release */ = {
			isa = XCBuildConfiguration;
			buildSettings = {
				ALWAYS_SEARCH_USER_PATHS = NO;
				CLANG_ANALYZER_NONNULL = YES;
				CLANG_ANALYZER_NUMBER_OBJECT_CONVERSION = YES_AGGRESSIVE;
				CLANG_CXX_LANGUAGE_STANDARD = "gnu++14";
				CLANG_CXX_LIBRARY = "libc++";
				CLANG_ENABLE_MODULES = YES;
				CLANG_ENABLE_OBJC_ARC = YES;
				CLANG_ENABLE_OBJC_WEAK = YES;
				CLANG_WARN_BLOCK_CAPTURE_AUTORELEASING = YES;
				CLANG_WARN_BOOL_CONVERSION = YES;
				CLANG_WARN_COMMA = YES;
				CLANG_WARN_CONSTANT_CONVERSION = YES;
				CLANG_WARN_DEPRECATED_OBJC_IMPLEMENTATIONS = YES;
				CLANG_WARN_DIRECT_OBJC_ISA_USAGE = YES_ERROR;
				CLANG_WARN_DOCUMENTATION_COMMENTS = YES;
				CLANG_WARN_EMPTY_BODY = YES;
				CLANG_WARN_ENUM_CONVERSION = YES;
				CLANG_WARN_INFINITE_RECURSION = YES;
				CLANG_WARN_INT_CONVERSION = YES;
				CLANG_WARN_NON_LITERAL_NULL_CONVERSION = YES;
				CLANG_WARN_OBJC_IMPLICIT_RETAIN_SELF = YES;
				CLANG_WARN_OBJC_LITERAL_CONVERSION = YES;
				CLANG_WARN_OBJC_ROOT_CLASS = YES_ERROR;
				CLANG_WARN_RANGE_LOOP_ANALYSIS = YES;
				CLANG_WARN_STRICT_PROTOTYPES = YES;
				CLANG_WARN_SUSPICIOUS_MOVE = YES;
				CLANG_WARN_UNGUARDED_AVAILABILITY = YES_AGGRESSIVE;
				CLANG_WARN_UNREACHABLE_CODE = YES;
				CLANG_WARN__DUPLICATE_METHOD_MATCH = YES;
				CODE_SIGN_IDENTITY = "iPhone Developer";
				COPY_PHASE_STRIP = NO;
				DEBUG_INFORMATION_FORMAT = "dwarf-with-dsym";
				ENABLE_NS_ASSERTIONS = NO;
				ENABLE_STRICT_OBJC_MSGSEND = YES;
				GCC_C_LANGUAGE_STANDARD = gnu11;
				GCC_NO_COMMON_BLOCKS = YES;
				GCC_WARN_64_TO_32_BIT_CONVERSION = YES;
				GCC_WARN_ABOUT_RETURN_TYPE = YES_ERROR;
				GCC_WARN_UNDECLARED_SELECTOR = YES;
				GCC_WARN_UNINITIALIZED_AUTOS = YES_AGGRESSIVE;
				GCC_WARN_UNUSED_FUNCTION = YES;
				GCC_WARN_UNUSED_VARIABLE = YES;
				IPHONEOS_DEPLOYMENT_TARGET = 12.1;
				MTL_ENABLE_DEBUG_INFO = NO;
				MTL_FAST_MATH = YES;
				SDKROOT = iphoneos;
				SWIFT_COMPILATION_MODE = wholemodule;
				SWIFT_OPTIMIZATION_LEVEL = "-O";
				VALIDATE_PRODUCT = YES;
			};
			name = Release;
		};
		9083FD0F225377D20045CE73 /* Debug */ = {
			isa = XCBuildConfiguration;
			buildSettings = {
				ASSETCATALOG_COMPILER_APPICON_NAME = AppIcon;
				CODE_SIGN_STYLE = Automatic;
				DEVELOPMENT_TEAM = K5TA29KDPA;
				INFOPLIST_FILE = "Notifications&Callbacks/Info.plist";
				LD_RUNPATH_SEARCH_PATHS = (
					"$(inherited)",
					"@executable_path/Frameworks",
				);
				PRODUCT_BUNDLE_IDENTIFIER = "com.admin.Notifications-Callbacks";
				PRODUCT_NAME = "$(TARGET_NAME)";
				SWIFT_VERSION = 4.2;
				TARGETED_DEVICE_FAMILY = "1,2";
			};
			name = Debug;
		};
		9083FD10225377D20045CE73 /* Release */ = {
			isa = XCBuildConfiguration;
			buildSettings = {
				ASSETCATALOG_COMPILER_APPICON_NAME = AppIcon;
				CODE_SIGN_STYLE = Automatic;
				DEVELOPMENT_TEAM = K5TA29KDPA;
				INFOPLIST_FILE = "Notifications&Callbacks/Info.plist";
				LD_RUNPATH_SEARCH_PATHS = (
					"$(inherited)",
					"@executable_path/Frameworks",
				);
				PRODUCT_BUNDLE_IDENTIFIER = "com.admin.Notifications-Callbacks";
				PRODUCT_NAME = "$(TARGET_NAME)";
				SWIFT_VERSION = 4.2;
				TARGETED_DEVICE_FAMILY = "1,2";
			};
			name = Release;
		};
/* End XCBuildConfiguration section */

/* Begin XCConfigurationList section */
		9083FCF4225377CF0045CE73 /* Build configuration list for PBXProject "Notifications&Callbacks" */ = {
			isa = XCConfigurationList;
			buildConfigurations = (
				9083FD0C225377D20045CE73 /* Debug */,
				9083FD0D225377D20045CE73 /* Release */,
			);
			defaultConfigurationIsVisible = 0;
			defaultConfigurationName = Release;
		};
		9083FD0E225377D20045CE73 /* Build configuration list for PBXNativeTarget "Notifications&Callbacks" */ = {
			isa = XCConfigurationList;
			buildConfigurations = (
				9083FD0F225377D20045CE73 /* Debug */,
				9083FD10225377D20045CE73 /* Release */,
			);
			defaultConfigurationIsVisible = 0;
			defaultConfigurationName = Release;
		};
/* End XCConfigurationList section */

/* Begin XCVersionGroup section */
		9083FD03225377D00045CE73 /* Notifications_Callbacks.xcdatamodeld */ = {
			isa = XCVersionGroup;
			children = (
				9083FD04225377D00045CE73 /* Notifications_Callbacks.xcdatamodel */,
			);
			currentVersion = 9083FD04225377D00045CE73 /* Notifications_Callbacks.xcdatamodel */;
			path = Notifications_Callbacks.xcdatamodeld;
			sourceTree = "<group>";
			versionGroupType = wrapper.xcdatamodel;
		};
/* End XCVersionGroup section */
	};
	rootObject = 9083FCF1225377CF0045CE73 /* Project object */;
}
